// !$*UTF8*$!
{
	archiveVersion = 1;
	classes = {
	};
	objectVersion = 46;
	objects = {

/* Begin PBXBuildFile section */
		14074F431A76BA5E00A771E8 /* main.m in Sources */ = {isa = PBXBuildFile; fileRef = 14074F421A76BA5E00A771E8 /* main.m */; };
		14074F461A76BA5E00A771E8 /* AppDelegate.m in Sources */ = {isa = PBXBuildFile; fileRef = 14074F451A76BA5E00A771E8 /* AppDelegate.m */; };
		14074F491A76BA5E00A771E8 /* ViewController.m in Sources */ = {isa = PBXBuildFile; fileRef = 14074F481A76BA5E00A771E8 /* ViewController.m */; };
		14074F4E1A76BA5E00A771E8 /* Images.xcassets in Resources */ = {isa = PBXBuildFile; fileRef = 14074F4D1A76BA5E00A771E8 /* Images.xcassets */; };
		14074F511A76BA5E00A771E8 /* LaunchScreen.xib in Resources */ = {isa = PBXBuildFile; fileRef = 14074F4F1A76BA5E00A771E8 /* LaunchScreen.xib */; };
		14074F5D1A76BA5E00A771E8 /* TravelAppTestsTests.m in Sources */ = {isa = PBXBuildFile; fileRef = 14074F5C1A76BA5E00A771E8 /* TravelAppTestsTests.m */; };
		14074F681A76BAF700A771E8 /* BDBTravelModel.m in Sources */ = {isa = PBXBuildFile; fileRef = 14074F671A76BAF700A771E8 /* BDBTravelModel.m */; };
		14074F6D1A76BBB900A771E8 /* BDBTravelPlaces.m in Sources */ = {isa = PBXBuildFile; fileRef = 14074F6C1A76BBB900A771E8 /* BDBTravelPlaces.m */; };
		14074F6F1A76F15700A771E8 /* Entitlements.plist in Resources */ = {isa = PBXBuildFile; fileRef = 14074F6E1A76F15700A771E8 /* Entitlements.plist */; };
		141DA2351A93C303005240EA /* BDBRoutesTableViewController.m in Sources */ = {isa = PBXBuildFile; fileRef = 141DA2341A93C303005240EA /* BDBRoutesTableViewController.m */; };
		144CCDEC1A92760B00B3938D /* BDBRoute.m in Sources */ = {isa = PBXBuildFile; fileRef = 144CCDEB1A92760B00B3938D /* BDBRoute.m */; };
		144CCDEF1A92761900B3938D /* BDBStop.m in Sources */ = {isa = PBXBuildFile; fileRef = 144CCDEE1A92761900B3938D /* BDBStop.m */; };
		144CCDF21A92762600B3938D /* BDBWalkCarSegment.m in Sources */ = {isa = PBXBuildFile; fileRef = 144CCDF11A92762600B3938D /* BDBWalkCarSegment.m */; };
		144CCDF51A92763800B3938D /* BDBTransitSegment.m in Sources */ = {isa = PBXBuildFile; fileRef = 144CCDF41A92763800B3938D /* BDBTransitSegment.m */; };
		144CCDF81A92765300B3938D /* BDBTransitItinerary.m in Sources */ = {isa = PBXBuildFile; fileRef = 144CCDF71A92765300B3938D /* BDBTransitItinerary.m */; };
		144CCDFB1A92766100B3938D /* BDBTransitLeg.m in Sources */ = {isa = PBXBuildFile; fileRef = 144CCDFA1A92766100B3938D /* BDBTransitLeg.m */; };
		144CCDFE1A92767000B3938D /* BDBTransitHop.m in Sources */ = {isa = PBXBuildFile; fileRef = 144CCDFD1A92767000B3938D /* BDBTransitHop.m */; };
		144CCE011A92767E00B3938D /* BDBTransitLine.m in Sources */ = {isa = PBXBuildFile; fileRef = 144CCE001A92767E00B3938D /* BDBTransitLine.m */; };
		144CCE041A92768C00B3938D /* BDBFlightSegment.m in Sources */ = {isa = PBXBuildFile; fileRef = 144CCE031A92768C00B3938D /* BDBFlightSegment.m */; };
		144CCE071A92769F00B3938D /* BDBFlightItinerary.m in Sources */ = {isa = PBXBuildFile; fileRef = 144CCE061A92769F00B3938D /* BDBFlightItinerary.m */; };
		144CCE0A1A9276AD00B3938D /* BDBFlightLeg.m in Sources */ = {isa = PBXBuildFile; fileRef = 144CCE091A9276AD00B3938D /* BDBFlightLeg.m */; };
		144CCE0D1A9276ED00B3938D /* BDBFlightHop.m in Sources */ = {isa = PBXBuildFile; fileRef = 144CCE0C1A9276ED00B3938D /* BDBFlightHop.m */; };
		144CCE101A9276F900B3938D /* BDBFlightCodeShare.m in Sources */ = {isa = PBXBuildFile; fileRef = 144CCE0F1A9276F900B3938D /* BDBFlightCodeShare.m */; };
		144CCE131A92771A00B3938D /* BDBIndicativePrice.m in Sources */ = {isa = PBXBuildFile; fileRef = 144CCE121A92771A00B3938D /* BDBIndicativePrice.m */; };
		144CCE161A92793100B3938D /* BDBTransitAgency.m in Sources */ = {isa = PBXBuildFile; fileRef = 144CCE151A92793100B3938D /* BDBTransitAgency.m */; };
		144CCE191A92793F00B3938D /* BDBActions.m in Sources */ = {isa = PBXBuildFile; fileRef = 144CCE181A92793F00B3938D /* BDBActions.m */; };
		144CCE1C1A927C6600B3938D /* BDBAllRoutes.m in Sources */ = {isa = PBXBuildFile; fileRef = 144CCE1B1A927C6600B3938D /* BDBAllRoutes.m */; };
		14775D961A83E82C00CF9246 /* BDBAnnotation.m in Sources */ = {isa = PBXBuildFile; fileRef = 14775D951A83E82C00CF9246 /* BDBAnnotation.m */; };
		14775E041A845F0000CF9246 /* MapKit.framework in Frameworks */ = {isa = PBXBuildFile; fileRef = 14775E031A845F0000CF9246 /* MapKit.framework */; };
		14775E061A845F0900CF9246 /* CoreLocation.framework in Frameworks */ = {isa = PBXBuildFile; fileRef = 14775E051A845F0900CF9246 /* CoreLocation.framework */; };
		1495CF911AA783BC007C5231 /* BDBTicketsTableViewController.m in Sources */ = {isa = PBXBuildFile; fileRef = 1495CF901AA783BC007C5231 /* BDBTicketsTableViewController.m */; };
		1495CF941AA78411007C5231 /* BDBTicketsTableViewCell.m in Sources */ = {isa = PBXBuildFile; fileRef = 1495CF931AA78411007C5231 /* BDBTicketsTableViewCell.m */; };
		1495CF9D1AA7A6FD007C5231 /* BDBAgenciesAndAirlines.m in Sources */ = {isa = PBXBuildFile; fileRef = 1495CF9C1AA7A6FD007C5231 /* BDBAgenciesAndAirlines.m */; };
		1495CFA01AA7A85C007C5231 /* BDBAgencies.m in Sources */ = {isa = PBXBuildFile; fileRef = 1495CF9F1AA7A85C007C5231 /* BDBAgencies.m */; };
		1495CFA31AA7A877007C5231 /* BDBAirlines.m in Sources */ = {isa = PBXBuildFile; fileRef = 1495CFA21AA7A877007C5231 /* BDBAirlines.m */; };
		1495CFA61AA7CB7D007C5231 /* BDBTransitTicketData.m in Sources */ = {isa = PBXBuildFile; fileRef = 1495CFA51AA7CB7D007C5231 /* BDBTransitTicketData.m */; };
		1495CFA91AA7CB9B007C5231 /* BDBFlightTicketData.m in Sources */ = {isa = PBXBuildFile; fileRef = 1495CFA81AA7CB9B007C5231 /* BDBFlightTicketData.m */; };
		1495CFAC1AA80605007C5231 /* BDBAirports.m in Sources */ = {isa = PBXBuildFile; fileRef = 1495CFAB1AA80605007C5231 /* BDBAirports.m */; };
		1495CFAF1AA88F1E007C5231 /* BDBFlightsTableViewController.m in Sources */ = {isa = PBXBuildFile; fileRef = 1495CFAE1AA88F1E007C5231 /* BDBFlightsTableViewController.m */; };
		1495CFB21AA8A169007C5231 /* BDBFlightsTableViewCell.m in Sources */ = {isa = PBXBuildFile; fileRef = 1495CFB11AA8A169007C5231 /* BDBFlightsTableViewCell.m */; };
		1495CFB81AA8CF7C007C5231 /* BDBAircrafts.m in Sources */ = {isa = PBXBuildFile; fileRef = 1495CFB71AA8CF7C007C5231 /* BDBAircrafts.m */; };
		1495CFBA1AA8F276007C5231 /* airlinesD3.gif in Resources */ = {isa = PBXBuildFile; fileRef = 1495CFB91AA8F276007C5231 /* airlinesD3.gif */; };
		1495CFC01AA90744007C5231 /* BDBWebViewController.m in Sources */ = {isa = PBXBuildFile; fileRef = 1495CFBF1AA90744007C5231 /* BDBWebViewController.m */; };
		1496038D1AA546A500A9E846 /* Main.storyboard in Resources */ = {isa = PBXBuildFile; fileRef = 1496038C1AA546A500A9E846 /* Main.storyboard */; };
		149603901AA6306300A9E846 /* BDBStopsTableViewController.m in Sources */ = {isa = PBXBuildFile; fileRef = 1496038F1AA6306300A9E846 /* BDBStopsTableViewController.m */; };
		14B1B0051A9BE95800F103B4 /* BDBInfoViewController.m in Sources */ = {isa = PBXBuildFile; fileRef = 14B1B0041A9BE95800F103B4 /* BDBInfoViewController.m */; };
		14B1B00B1A9C773400F103B4 /* BDBRouteCollectionViewController.m in Sources */ = {isa = PBXBuildFile; fileRef = 14B1B00A1A9C773400F103B4 /* BDBRouteCollectionViewController.m */; };
		14B1B00E1A9C77CB00F103B4 /* BDBRouteCollectionViewCell.m in Sources */ = {isa = PBXBuildFile; fileRef = 14B1B00D1A9C77CB00F103B4 /* BDBRouteCollectionViewCell.m */; };
		14B217C91A94984D00CCCE42 /* BDBSegmentTableViewController.m in Sources */ = {isa = PBXBuildFile; fileRef = 14B217C81A94984D00CCCE42 /* BDBSegmentTableViewController.m */; };
		14C293F91A9F417300CD5886 /* BDBSegmentViewController.m in Sources */ = {isa = PBXBuildFile; fileRef = 14C293F81A9F417300CD5886 /* BDBSegmentViewController.m */; };
		14C293FC1A9F576F00CD5886 /* BDBSegmentCollectionViewCell.m in Sources */ = {isa = PBXBuildFile; fileRef = 14C293FB1A9F576F00CD5886 /* BDBSegmentCollectionViewCell.m */; };
		14EF4FBA1A9CEBF0006B03F6 /* BDBRouteCollectionView.m in Sources */ = {isa = PBXBuildFile; fileRef = 14EF4FB91A9CEBF0006B03F6 /* BDBRouteCollectionView.m */; };
		14EF4FBD1A9CECA7006B03F6 /* BDBRouteViewController.m in Sources */ = {isa = PBXBuildFile; fileRef = 14EF4FBC1A9CECA7006B03F6 /* BDBRouteViewController.m */; };
/* End PBXBuildFile section */

/* Begin PBXContainerItemProxy section */
		14074F571A76BA5E00A771E8 /* PBXContainerItemProxy */ = {
			isa = PBXContainerItemProxy;
			containerPortal = 14074F351A76BA5E00A771E8 /* Project object */;
			proxyType = 1;
			remoteGlobalIDString = 14074F3C1A76BA5E00A771E8;
			remoteInfo = TravelAppTests;
		};
/* End PBXContainerItemProxy section */

/* Begin PBXFileReference section */
		14074F3D1A76BA5E00A771E8 /* TravelAppTests.app */ = {isa = PBXFileReference; explicitFileType = wrapper.application; includeInIndex = 0; path = TravelAppTests.app; sourceTree = BUILT_PRODUCTS_DIR; };
		14074F411A76BA5E00A771E8 /* Info.plist */ = {isa = PBXFileReference; lastKnownFileType = text.plist.xml; path = Info.plist; sourceTree = "<group>"; };
		14074F421A76BA5E00A771E8 /* main.m */ = {isa = PBXFileReference; lastKnownFileType = sourcecode.c.objc; path = main.m; sourceTree = "<group>"; };
		14074F441A76BA5E00A771E8 /* AppDelegate.h */ = {isa = PBXFileReference; lastKnownFileType = sourcecode.c.h; path = AppDelegate.h; sourceTree = "<group>"; };
		14074F451A76BA5E00A771E8 /* AppDelegate.m */ = {isa = PBXFileReference; lastKnownFileType = sourcecode.c.objc; path = AppDelegate.m; sourceTree = "<group>"; };
		14074F471A76BA5E00A771E8 /* ViewController.h */ = {isa = PBXFileReference; lastKnownFileType = sourcecode.c.h; path = ViewController.h; sourceTree = "<group>"; };
		14074F481A76BA5E00A771E8 /* ViewController.m */ = {isa = PBXFileReference; lastKnownFileType = sourcecode.c.objc; path = ViewController.m; sourceTree = "<group>"; };
		14074F4D1A76BA5E00A771E8 /* Images.xcassets */ = {isa = PBXFileReference; lastKnownFileType = folder.assetcatalog; path = Images.xcassets; sourceTree = "<group>"; };
		14074F501A76BA5E00A771E8 /* Base */ = {isa = PBXFileReference; lastKnownFileType = file.xib; name = Base; path = Base.lproj/LaunchScreen.xib; sourceTree = "<group>"; };
		14074F561A76BA5E00A771E8 /* TravelAppTestsTests.xctest */ = {isa = PBXFileReference; explicitFileType = wrapper.cfbundle; includeInIndex = 0; path = TravelAppTestsTests.xctest; sourceTree = BUILT_PRODUCTS_DIR; };
		14074F5B1A76BA5E00A771E8 /* Info.plist */ = {isa = PBXFileReference; lastKnownFileType = text.plist.xml; path = Info.plist; sourceTree = "<group>"; };
		14074F5C1A76BA5E00A771E8 /* TravelAppTestsTests.m */ = {isa = PBXFileReference; lastKnownFileType = sourcecode.c.objc; path = TravelAppTestsTests.m; sourceTree = "<group>"; };
		14074F661A76BAF700A771E8 /* BDBTravelModel.h */ = {isa = PBXFileReference; fileEncoding = 4; lastKnownFileType = sourcecode.c.h; path = BDBTravelModel.h; sourceTree = "<group>"; };
		14074F671A76BAF700A771E8 /* BDBTravelModel.m */ = {isa = PBXFileReference; fileEncoding = 4; lastKnownFileType = sourcecode.c.objc; path = BDBTravelModel.m; sourceTree = "<group>"; };
		14074F6B1A76BBB900A771E8 /* BDBTravelPlaces.h */ = {isa = PBXFileReference; fileEncoding = 4; lastKnownFileType = sourcecode.c.h; path = BDBTravelPlaces.h; sourceTree = "<group>"; };
		14074F6C1A76BBB900A771E8 /* BDBTravelPlaces.m */ = {isa = PBXFileReference; fileEncoding = 4; lastKnownFileType = sourcecode.c.objc; path = BDBTravelPlaces.m; sourceTree = "<group>"; };
		14074F6E1A76F15700A771E8 /* Entitlements.plist */ = {isa = PBXFileReference; fileEncoding = 4; lastKnownFileType = text.plist.xml; path = Entitlements.plist; sourceTree = "<group>"; };
		141DA2331A93C303005240EA /* BDBRoutesTableViewController.h */ = {isa = PBXFileReference; fileEncoding = 4; lastKnownFileType = sourcecode.c.h; path = BDBRoutesTableViewController.h; sourceTree = "<group>"; };
		141DA2341A93C303005240EA /* BDBRoutesTableViewController.m */ = {isa = PBXFileReference; fileEncoding = 4; lastKnownFileType = sourcecode.c.objc; path = BDBRoutesTableViewController.m; sourceTree = "<group>"; };
		144CCDEA1A92760B00B3938D /* BDBRoute.h */ = {isa = PBXFileReference; fileEncoding = 4; lastKnownFileType = sourcecode.c.h; path = BDBRoute.h; sourceTree = "<group>"; };
		144CCDEB1A92760B00B3938D /* BDBRoute.m */ = {isa = PBXFileReference; fileEncoding = 4; lastKnownFileType = sourcecode.c.objc; path = BDBRoute.m; sourceTree = "<group>"; };
		144CCDED1A92761900B3938D /* BDBStop.h */ = {isa = PBXFileReference; fileEncoding = 4; lastKnownFileType = sourcecode.c.h; path = BDBStop.h; sourceTree = "<group>"; };
		144CCDEE1A92761900B3938D /* BDBStop.m */ = {isa = PBXFileReference; fileEncoding = 4; lastKnownFileType = sourcecode.c.objc; path = BDBStop.m; sourceTree = "<group>"; };
		144CCDF01A92762600B3938D /* BDBWalkCarSegment.h */ = {isa = PBXFileReference; fileEncoding = 4; lastKnownFileType = sourcecode.c.h; path = BDBWalkCarSegment.h; sourceTree = "<group>"; };
		144CCDF11A92762600B3938D /* BDBWalkCarSegment.m */ = {isa = PBXFileReference; fileEncoding = 4; lastKnownFileType = sourcecode.c.objc; path = BDBWalkCarSegment.m; sourceTree = "<group>"; };
		144CCDF31A92763800B3938D /* BDBTransitSegment.h */ = {isa = PBXFileReference; fileEncoding = 4; lastKnownFileType = sourcecode.c.h; path = BDBTransitSegment.h; sourceTree = "<group>"; };
		144CCDF41A92763800B3938D /* BDBTransitSegment.m */ = {isa = PBXFileReference; fileEncoding = 4; lastKnownFileType = sourcecode.c.objc; path = BDBTransitSegment.m; sourceTree = "<group>"; };
		144CCDF61A92765300B3938D /* BDBTransitItinerary.h */ = {isa = PBXFileReference; fileEncoding = 4; lastKnownFileType = sourcecode.c.h; path = BDBTransitItinerary.h; sourceTree = "<group>"; };
		144CCDF71A92765300B3938D /* BDBTransitItinerary.m */ = {isa = PBXFileReference; fileEncoding = 4; lastKnownFileType = sourcecode.c.objc; path = BDBTransitItinerary.m; sourceTree = "<group>"; };
		144CCDF91A92766100B3938D /* BDBTransitLeg.h */ = {isa = PBXFileReference; fileEncoding = 4; lastKnownFileType = sourcecode.c.h; path = BDBTransitLeg.h; sourceTree = "<group>"; };
		144CCDFA1A92766100B3938D /* BDBTransitLeg.m */ = {isa = PBXFileReference; fileEncoding = 4; lastKnownFileType = sourcecode.c.objc; path = BDBTransitLeg.m; sourceTree = "<group>"; };
		144CCDFC1A92767000B3938D /* BDBTransitHop.h */ = {isa = PBXFileReference; fileEncoding = 4; lastKnownFileType = sourcecode.c.h; path = BDBTransitHop.h; sourceTree = "<group>"; };
		144CCDFD1A92767000B3938D /* BDBTransitHop.m */ = {isa = PBXFileReference; fileEncoding = 4; lastKnownFileType = sourcecode.c.objc; path = BDBTransitHop.m; sourceTree = "<group>"; };
		144CCDFF1A92767E00B3938D /* BDBTransitLine.h */ = {isa = PBXFileReference; fileEncoding = 4; lastKnownFileType = sourcecode.c.h; path = BDBTransitLine.h; sourceTree = "<group>"; };
		144CCE001A92767E00B3938D /* BDBTransitLine.m */ = {isa = PBXFileReference; fileEncoding = 4; lastKnownFileType = sourcecode.c.objc; path = BDBTransitLine.m; sourceTree = "<group>"; };
		144CCE021A92768C00B3938D /* BDBFlightSegment.h */ = {isa = PBXFileReference; fileEncoding = 4; lastKnownFileType = sourcecode.c.h; path = BDBFlightSegment.h; sourceTree = "<group>"; };
		144CCE031A92768C00B3938D /* BDBFlightSegment.m */ = {isa = PBXFileReference; fileEncoding = 4; lastKnownFileType = sourcecode.c.objc; path = BDBFlightSegment.m; sourceTree = "<group>"; };
		144CCE051A92769F00B3938D /* BDBFlightItinerary.h */ = {isa = PBXFileReference; fileEncoding = 4; lastKnownFileType = sourcecode.c.h; path = BDBFlightItinerary.h; sourceTree = "<group>"; };
		144CCE061A92769F00B3938D /* BDBFlightItinerary.m */ = {isa = PBXFileReference; fileEncoding = 4; lastKnownFileType = sourcecode.c.objc; path = BDBFlightItinerary.m; sourceTree = "<group>"; };
		144CCE081A9276AD00B3938D /* BDBFlightLeg.h */ = {isa = PBXFileReference; fileEncoding = 4; lastKnownFileType = sourcecode.c.h; path = BDBFlightLeg.h; sourceTree = "<group>"; };
		144CCE091A9276AD00B3938D /* BDBFlightLeg.m */ = {isa = PBXFileReference; fileEncoding = 4; lastKnownFileType = sourcecode.c.objc; path = BDBFlightLeg.m; sourceTree = "<group>"; };
		144CCE0B1A9276ED00B3938D /* BDBFlightHop.h */ = {isa = PBXFileReference; fileEncoding = 4; lastKnownFileType = sourcecode.c.h; path = BDBFlightHop.h; sourceTree = "<group>"; };
		144CCE0C1A9276ED00B3938D /* BDBFlightHop.m */ = {isa = PBXFileReference; fileEncoding = 4; lastKnownFileType = sourcecode.c.objc; path = BDBFlightHop.m; sourceTree = "<group>"; };
		144CCE0E1A9276F900B3938D /* BDBFlightCodeShare.h */ = {isa = PBXFileReference; fileEncoding = 4; lastKnownFileType = sourcecode.c.h; path = BDBFlightCodeShare.h; sourceTree = "<group>"; };
		144CCE0F1A9276F900B3938D /* BDBFlightCodeShare.m */ = {isa = PBXFileReference; fileEncoding = 4; lastKnownFileType = sourcecode.c.objc; path = BDBFlightCodeShare.m; sourceTree = "<group>"; };
		144CCE111A92771A00B3938D /* BDBIndicativePrice.h */ = {isa = PBXFileReference; fileEncoding = 4; lastKnownFileType = sourcecode.c.h; path = BDBIndicativePrice.h; sourceTree = "<group>"; };
		144CCE121A92771A00B3938D /* BDBIndicativePrice.m */ = {isa = PBXFileReference; fileEncoding = 4; lastKnownFileType = sourcecode.c.objc; path = BDBIndicativePrice.m; sourceTree = "<group>"; };
		144CCE141A92793100B3938D /* BDBTransitAgency.h */ = {isa = PBXFileReference; fileEncoding = 4; lastKnownFileType = sourcecode.c.h; path = BDBTransitAgency.h; sourceTree = "<group>"; };
		144CCE151A92793100B3938D /* BDBTransitAgency.m */ = {isa = PBXFileReference; fileEncoding = 4; lastKnownFileType = sourcecode.c.objc; path = BDBTransitAgency.m; sourceTree = "<group>"; };
		144CCE171A92793F00B3938D /* BDBActions.h */ = {isa = PBXFileReference; fileEncoding = 4; lastKnownFileType = sourcecode.c.h; path = BDBActions.h; sourceTree = "<group>"; };
		144CCE181A92793F00B3938D /* BDBActions.m */ = {isa = PBXFileReference; fileEncoding = 4; lastKnownFileType = sourcecode.c.objc; path = BDBActions.m; sourceTree = "<group>"; };
		144CCE1A1A927C6600B3938D /* BDBAllRoutes.h */ = {isa = PBXFileReference; fileEncoding = 4; lastKnownFileType = sourcecode.c.h; path = BDBAllRoutes.h; sourceTree = "<group>"; };
		144CCE1B1A927C6600B3938D /* BDBAllRoutes.m */ = {isa = PBXFileReference; fileEncoding = 4; lastKnownFileType = sourcecode.c.objc; path = BDBAllRoutes.m; sourceTree = "<group>"; };
		14775D941A83E82C00CF9246 /* BDBAnnotation.h */ = {isa = PBXFileReference; fileEncoding = 4; lastKnownFileType = sourcecode.c.h; path = BDBAnnotation.h; sourceTree = "<group>"; };
		14775D951A83E82C00CF9246 /* BDBAnnotation.m */ = {isa = PBXFileReference; fileEncoding = 4; lastKnownFileType = sourcecode.c.objc; path = BDBAnnotation.m; sourceTree = "<group>"; };
		14775E031A845F0000CF9246 /* MapKit.framework */ = {isa = PBXFileReference; lastKnownFileType = wrapper.framework; name = MapKit.framework; path = System/Library/Frameworks/MapKit.framework; sourceTree = SDKROOT; };
		14775E051A845F0900CF9246 /* CoreLocation.framework */ = {isa = PBXFileReference; lastKnownFileType = wrapper.framework; name = CoreLocation.framework; path = System/Library/Frameworks/CoreLocation.framework; sourceTree = SDKROOT; };
		1495CF8F1AA783BC007C5231 /* BDBTicketsTableViewController.h */ = {isa = PBXFileReference; fileEncoding = 4; lastKnownFileType = sourcecode.c.h; path = BDBTicketsTableViewController.h; sourceTree = "<group>"; };
		1495CF901AA783BC007C5231 /* BDBTicketsTableViewController.m */ = {isa = PBXFileReference; fileEncoding = 4; lastKnownFileType = sourcecode.c.objc; path = BDBTicketsTableViewController.m; sourceTree = "<group>"; };
		1495CF921AA78411007C5231 /* BDBTicketsTableViewCell.h */ = {isa = PBXFileReference; fileEncoding = 4; lastKnownFileType = sourcecode.c.h; path = BDBTicketsTableViewCell.h; sourceTree = "<group>"; };
		1495CF931AA78411007C5231 /* BDBTicketsTableViewCell.m */ = {isa = PBXFileReference; fileEncoding = 4; lastKnownFileType = sourcecode.c.objc; path = BDBTicketsTableViewCell.m; sourceTree = "<group>"; };
		1495CF9B1AA7A6FD007C5231 /* BDBAgenciesAndAirlines.h */ = {isa = PBXFileReference; fileEncoding = 4; lastKnownFileType = sourcecode.c.h; path = BDBAgenciesAndAirlines.h; sourceTree = "<group>"; };
		1495CF9C1AA7A6FD007C5231 /* BDBAgenciesAndAirlines.m */ = {isa = PBXFileReference; fileEncoding = 4; lastKnownFileType = sourcecode.c.objc; path = BDBAgenciesAndAirlines.m; sourceTree = "<group>"; };
		1495CF9E1AA7A85C007C5231 /* BDBAgencies.h */ = {isa = PBXFileReference; fileEncoding = 4; lastKnownFileType = sourcecode.c.h; name = BDBAgencies.h; path = ../BDBAgencies.h; sourceTree = "<group>"; };
		1495CF9F1AA7A85C007C5231 /* BDBAgencies.m */ = {isa = PBXFileReference; fileEncoding = 4; lastKnownFileType = sourcecode.c.objc; name = BDBAgencies.m; path = ../BDBAgencies.m; sourceTree = "<group>"; };
		1495CFA11AA7A877007C5231 /* BDBAirlines.h */ = {isa = PBXFileReference; fileEncoding = 4; lastKnownFileType = sourcecode.c.h; path = BDBAirlines.h; sourceTree = "<group>"; };
		1495CFA21AA7A877007C5231 /* BDBAirlines.m */ = {isa = PBXFileReference; fileEncoding = 4; lastKnownFileType = sourcecode.c.objc; path = BDBAirlines.m; sourceTree = "<group>"; };
		1495CFA41AA7CB7D007C5231 /* BDBTransitTicketData.h */ = {isa = PBXFileReference; fileEncoding = 4; lastKnownFileType = sourcecode.c.h; path = BDBTransitTicketData.h; sourceTree = "<group>"; };
		1495CFA51AA7CB7D007C5231 /* BDBTransitTicketData.m */ = {isa = PBXFileReference; fileEncoding = 4; lastKnownFileType = sourcecode.c.objc; path = BDBTransitTicketData.m; sourceTree = "<group>"; };
		1495CFA71AA7CB9B007C5231 /* BDBFlightTicketData.h */ = {isa = PBXFileReference; fileEncoding = 4; lastKnownFileType = sourcecode.c.h; path = BDBFlightTicketData.h; sourceTree = "<group>"; };
		1495CFA81AA7CB9B007C5231 /* BDBFlightTicketData.m */ = {isa = PBXFileReference; fileEncoding = 4; lastKnownFileType = sourcecode.c.objc; path = BDBFlightTicketData.m; sourceTree = "<group>"; };
		1495CFAA1AA80605007C5231 /* BDBAirports.h */ = {isa = PBXFileReference; fileEncoding = 4; lastKnownFileType = sourcecode.c.h; path = BDBAirports.h; sourceTree = "<group>"; };
		1495CFAB1AA80605007C5231 /* BDBAirports.m */ = {isa = PBXFileReference; fileEncoding = 4; lastKnownFileType = sourcecode.c.objc; path = BDBAirports.m; sourceTree = "<group>"; };
		1495CFAD1AA88F1E007C5231 /* BDBFlightsTableViewController.h */ = {isa = PBXFileReference; fileEncoding = 4; lastKnownFileType = sourcecode.c.h; path = BDBFlightsTableViewController.h; sourceTree = "<group>"; };
		1495CFAE1AA88F1E007C5231 /* BDBFlightsTableViewController.m */ = {isa = PBXFileReference; fileEncoding = 4; lastKnownFileType = sourcecode.c.objc; path = BDBFlightsTableViewController.m; sourceTree = "<group>"; };
		1495CFB01AA8A169007C5231 /* BDBFlightsTableViewCell.h */ = {isa = PBXFileReference; fileEncoding = 4; lastKnownFileType = sourcecode.c.h; path = BDBFlightsTableViewCell.h; sourceTree = "<group>"; };
		1495CFB11AA8A169007C5231 /* BDBFlightsTableViewCell.m */ = {isa = PBXFileReference; fileEncoding = 4; lastKnownFileType = sourcecode.c.objc; path = BDBFlightsTableViewCell.m; sourceTree = "<group>"; };
		1495CFB61AA8CF7C007C5231 /* BDBAircrafts.h */ = {isa = PBXFileReference; fileEncoding = 4; lastKnownFileType = sourcecode.c.h; path = BDBAircrafts.h; sourceTree = "<group>"; };
		1495CFB71AA8CF7C007C5231 /* BDBAircrafts.m */ = {isa = PBXFileReference; fileEncoding = 4; lastKnownFileType = sourcecode.c.objc; path = BDBAircrafts.m; sourceTree = "<group>"; };
		1495CFB91AA8F276007C5231 /* airlinesD3.gif */ = {isa = PBXFileReference; lastKnownFileType = image.gif; path = airlinesD3.gif; sourceTree = "<group>"; };
		1495CFBE1AA90744007C5231 /* BDBWebViewController.h */ = {isa = PBXFileReference; fileEncoding = 4; lastKnownFileType = sourcecode.c.h; path = BDBWebViewController.h; sourceTree = "<group>"; };
		1495CFBF1AA90744007C5231 /* BDBWebViewController.m */ = {isa = PBXFileReference; fileEncoding = 4; lastKnownFileType = sourcecode.c.objc; path = BDBWebViewController.m; sourceTree = "<group>"; };
		1496038C1AA546A500A9E846 /* Main.storyboard */ = {isa = PBXFileReference; fileEncoding = 4; lastKnownFileType = file.storyboard; path = Main.storyboard; sourceTree = "<group>"; };
		1496038E1AA6306300A9E846 /* BDBStopsTableViewController.h */ = {isa = PBXFileReference; fileEncoding = 4; lastKnownFileType = sourcecode.c.h; path = BDBStopsTableViewController.h; sourceTree = "<group>"; };
		1496038F1AA6306300A9E846 /* BDBStopsTableViewController.m */ = {isa = PBXFileReference; fileEncoding = 4; lastKnownFileType = sourcecode.c.objc; path = BDBStopsTableViewController.m; sourceTree = "<group>"; };
		14B1B0031A9BE95800F103B4 /* BDBInfoViewController.h */ = {isa = PBXFileReference; fileEncoding = 4; lastKnownFileType = sourcecode.c.h; path = BDBInfoViewController.h; sourceTree = "<group>"; };
		14B1B0041A9BE95800F103B4 /* BDBInfoViewController.m */ = {isa = PBXFileReference; fileEncoding = 4; lastKnownFileType = sourcecode.c.objc; path = BDBInfoViewController.m; sourceTree = "<group>"; };
		14B1B0091A9C773400F103B4 /* BDBRouteCollectionViewController.h */ = {isa = PBXFileReference; fileEncoding = 4; lastKnownFileType = sourcecode.c.h; path = BDBRouteCollectionViewController.h; sourceTree = "<group>"; };
		14B1B00A1A9C773400F103B4 /* BDBRouteCollectionViewController.m */ = {isa = PBXFileReference; fileEncoding = 4; lastKnownFileType = sourcecode.c.objc; path = BDBRouteCollectionViewController.m; sourceTree = "<group>"; };
		14B1B00C1A9C77CB00F103B4 /* BDBRouteCollectionViewCell.h */ = {isa = PBXFileReference; fileEncoding = 4; lastKnownFileType = sourcecode.c.h; path = BDBRouteCollectionViewCell.h; sourceTree = "<group>"; };
		14B1B00D1A9C77CB00F103B4 /* BDBRouteCollectionViewCell.m */ = {isa = PBXFileReference; fileEncoding = 4; lastKnownFileType = sourcecode.c.objc; path = BDBRouteCollectionViewCell.m; sourceTree = "<group>"; };
		14B217C71A94984D00CCCE42 /* BDBSegmentTableViewController.h */ = {isa = PBXFileReference; fileEncoding = 4; lastKnownFileType = sourcecode.c.h; path = BDBSegmentTableViewController.h; sourceTree = "<group>"; };
		14B217C81A94984D00CCCE42 /* BDBSegmentTableViewController.m */ = {isa = PBXFileReference; fileEncoding = 4; lastKnownFileType = sourcecode.c.objc; path = BDBSegmentTableViewController.m; sourceTree = "<group>"; };
		14C293F71A9F417300CD5886 /* BDBSegmentViewController.h */ = {isa = PBXFileReference; fileEncoding = 4; lastKnownFileType = sourcecode.c.h; path = BDBSegmentViewController.h; sourceTree = "<group>"; };
		14C293F81A9F417300CD5886 /* BDBSegmentViewController.m */ = {isa = PBXFileReference; fileEncoding = 4; lastKnownFileType = sourcecode.c.objc; path = BDBSegmentViewController.m; sourceTree = "<group>"; };
		14C293FA1A9F576F00CD5886 /* BDBSegmentCollectionViewCell.h */ = {isa = PBXFileReference; fileEncoding = 4; lastKnownFileType = sourcecode.c.h; path = BDBSegmentCollectionViewCell.h; sourceTree = "<group>"; };
		14C293FB1A9F576F00CD5886 /* BDBSegmentCollectionViewCell.m */ = {isa = PBXFileReference; fileEncoding = 4; lastKnownFileType = sourcecode.c.objc; path = BDBSegmentCollectionViewCell.m; sourceTree = "<group>"; };
		14EF4FB81A9CEBF0006B03F6 /* BDBRouteCollectionView.h */ = {isa = PBXFileReference; fileEncoding = 4; lastKnownFileType = sourcecode.c.h; path = BDBRouteCollectionView.h; sourceTree = "<group>"; };
		14EF4FB91A9CEBF0006B03F6 /* BDBRouteCollectionView.m */ = {isa = PBXFileReference; fileEncoding = 4; lastKnownFileType = sourcecode.c.objc; path = BDBRouteCollectionView.m; sourceTree = "<group>"; };
		14EF4FBB1A9CECA7006B03F6 /* BDBRouteViewController.h */ = {isa = PBXFileReference; fileEncoding = 4; lastKnownFileType = sourcecode.c.h; path = BDBRouteViewController.h; sourceTree = "<group>"; };
		14EF4FBC1A9CECA7006B03F6 /* BDBRouteViewController.m */ = {isa = PBXFileReference; fileEncoding = 4; lastKnownFileType = sourcecode.c.objc; path = BDBRouteViewController.m; sourceTree = "<group>"; };
/* End PBXFileReference section */

/* Begin PBXFrameworksBuildPhase section */
		14074F3A1A76BA5E00A771E8 /* Frameworks */ = {
			isa = PBXFrameworksBuildPhase;
			buildActionMask = 2147483647;
			files = (
				14775E061A845F0900CF9246 /* CoreLocation.framework in Frameworks */,
				14775E041A845F0000CF9246 /* MapKit.framework in Frameworks */,
			);
			runOnlyForDeploymentPostprocessing = 0;
		};
		14074F531A76BA5E00A771E8 /* Frameworks */ = {
			isa = PBXFrameworksBuildPhase;
			buildActionMask = 2147483647;
			files = (
			);
			runOnlyForDeploymentPostprocessing = 0;
		};
/* End PBXFrameworksBuildPhase section */

/* Begin PBXGroup section */
		14074F341A76BA5E00A771E8 = {
			isa = PBXGroup;
			children = (
				14775E051A845F0900CF9246 /* CoreLocation.framework */,
				14775E031A845F0000CF9246 /* MapKit.framework */,
				14074F6E1A76F15700A771E8 /* Entitlements.plist */,
				14074F3F1A76BA5E00A771E8 /* TravelAppTests */,
				14074F591A76BA5E00A771E8 /* TravelAppTestsTests */,
				14074F3E1A76BA5E00A771E8 /* Products */,
			);
			sourceTree = "<group>";
		};
		14074F3E1A76BA5E00A771E8 /* Products */ = {
			isa = PBXGroup;
			children = (
				14074F3D1A76BA5E00A771E8 /* TravelAppTests.app */,
				14074F561A76BA5E00A771E8 /* TravelAppTestsTests.xctest */,
			);
			name = Products;
			sourceTree = "<group>";
		};
		14074F3F1A76BA5E00A771E8 /* TravelAppTests */ = {
			isa = PBXGroup;
			children = (
				14074F441A76BA5E00A771E8 /* AppDelegate.h */,
				14074F451A76BA5E00A771E8 /* AppDelegate.m */,
				14074F691A76BB0100A771E8 /* Models */,
				14074F6A1A76BB0800A771E8 /* Controllers */,
				14074F4D1A76BA5E00A771E8 /* Images.xcassets */,
				14074F4F1A76BA5E00A771E8 /* LaunchScreen.xib */,
				14074F401A76BA5E00A771E8 /* Supporting Files */,
			);
			path = TravelAppTests;
			sourceTree = "<group>";
		};
		14074F401A76BA5E00A771E8 /* Supporting Files */ = {
			isa = PBXGroup;
			children = (
				14074F411A76BA5E00A771E8 /* Info.plist */,
				14074F421A76BA5E00A771E8 /* main.m */,
			);
			name = "Supporting Files";
			sourceTree = "<group>";
		};
		14074F591A76BA5E00A771E8 /* TravelAppTestsTests */ = {
			isa = PBXGroup;
			children = (
				14074F5C1A76BA5E00A771E8 /* TravelAppTestsTests.m */,
				14074F5A1A76BA5E00A771E8 /* Supporting Files */,
			);
			path = TravelAppTestsTests;
			sourceTree = "<group>";
		};
		14074F5A1A76BA5E00A771E8 /* Supporting Files */ = {
			isa = PBXGroup;
			children = (
				14074F5B1A76BA5E00A771E8 /* Info.plist */,
			);
			name = "Supporting Files";
			sourceTree = "<group>";
		};
		14074F691A76BB0100A771E8 /* Models */ = {
			isa = PBXGroup;
			children = (
				144CCE1A1A927C6600B3938D /* BDBAllRoutes.h */,
				144CCE1B1A927C6600B3938D /* BDBAllRoutes.m */,
				1495CF9B1AA7A6FD007C5231 /* BDBAgenciesAndAirlines.h */,
				1495CF9C1AA7A6FD007C5231 /* BDBAgenciesAndAirlines.m */,
				1495CF9E1AA7A85C007C5231 /* BDBAgencies.h */,
				1495CF9F1AA7A85C007C5231 /* BDBAgencies.m */,
				1495CFA11AA7A877007C5231 /* BDBAirlines.h */,
				1495CFA21AA7A877007C5231 /* BDBAirlines.m */,
				1495CFAA1AA80605007C5231 /* BDBAirports.h */,
				1495CFAB1AA80605007C5231 /* BDBAirports.m */,
				1495CFB61AA8CF7C007C5231 /* BDBAircrafts.h */,
				1495CFB71AA8CF7C007C5231 /* BDBAircrafts.m */,
				144CCDE91A9275F200B3938D /* OLD_MODEL */,
				144CCDEA1A92760B00B3938D /* BDBRoute.h */,
				144CCDEB1A92760B00B3938D /* BDBRoute.m */,
				144CCDED1A92761900B3938D /* BDBStop.h */,
				144CCDEE1A92761900B3938D /* BDBStop.m */,
				144CCDF01A92762600B3938D /* BDBWalkCarSegment.h */,
				144CCDF11A92762600B3938D /* BDBWalkCarSegment.m */,
				144CCDF31A92763800B3938D /* BDBTransitSegment.h */,
				144CCDF41A92763800B3938D /* BDBTransitSegment.m */,
				144CCDF61A92765300B3938D /* BDBTransitItinerary.h */,
				144CCDF71A92765300B3938D /* BDBTransitItinerary.m */,
				144CCDF91A92766100B3938D /* BDBTransitLeg.h */,
				144CCDFA1A92766100B3938D /* BDBTransitLeg.m */,
				144CCDFC1A92767000B3938D /* BDBTransitHop.h */,
				144CCDFD1A92767000B3938D /* BDBTransitHop.m */,
				144CCDFF1A92767E00B3938D /* BDBTransitLine.h */,
				144CCE001A92767E00B3938D /* BDBTransitLine.m */,
				144CCE021A92768C00B3938D /* BDBFlightSegment.h */,
				144CCE031A92768C00B3938D /* BDBFlightSegment.m */,
				144CCE051A92769F00B3938D /* BDBFlightItinerary.h */,
				144CCE061A92769F00B3938D /* BDBFlightItinerary.m */,
				144CCE081A9276AD00B3938D /* BDBFlightLeg.h */,
				144CCE091A9276AD00B3938D /* BDBFlightLeg.m */,
				144CCE0B1A9276ED00B3938D /* BDBFlightHop.h */,
				144CCE0C1A9276ED00B3938D /* BDBFlightHop.m */,
				144CCE0E1A9276F900B3938D /* BDBFlightCodeShare.h */,
				144CCE0F1A9276F900B3938D /* BDBFlightCodeShare.m */,
				144CCE111A92771A00B3938D /* BDBIndicativePrice.h */,
				144CCE121A92771A00B3938D /* BDBIndicativePrice.m */,
				144CCE141A92793100B3938D /* BDBTransitAgency.h */,
				144CCE151A92793100B3938D /* BDBTransitAgency.m */,
				144CCE171A92793F00B3938D /* BDBActions.h */,
				144CCE181A92793F00B3938D /* BDBActions.m */,
				1495CFA41AA7CB7D007C5231 /* BDBTransitTicketData.h */,
				1495CFA51AA7CB7D007C5231 /* BDBTransitTicketData.m */,
				1495CFA71AA7CB9B007C5231 /* BDBFlightTicketData.h */,
				1495CFA81AA7CB9B007C5231 /* BDBFlightTicketData.m */,
			);
			name = Models;
			sourceTree = "<group>";
		};
		14074F6A1A76BB0800A771E8 /* Controllers */ = {
			isa = PBXGroup;
			children = (
				1495CFB91AA8F276007C5231 /* airlinesD3.gif */,
				14EF4FBB1A9CECA7006B03F6 /* BDBRouteViewController.h */,
				14EF4FBC1A9CECA7006B03F6 /* BDBRouteViewController.m */,
				14EF4FB81A9CEBF0006B03F6 /* BDBRouteCollectionView.h */,
				14EF4FB91A9CEBF0006B03F6 /* BDBRouteCollectionView.m */,
				14B1B00C1A9C77CB00F103B4 /* BDBRouteCollectionViewCell.h */,
				14B1B00D1A9C77CB00F103B4 /* BDBRouteCollectionViewCell.m */,
				14C293F71A9F417300CD5886 /* BDBSegmentViewController.h */,
				14C293F81A9F417300CD5886 /* BDBSegmentViewController.m */,
				14C293FA1A9F576F00CD5886 /* BDBSegmentCollectionViewCell.h */,
				14C293FB1A9F576F00CD5886 /* BDBSegmentCollectionViewCell.m */,
				1496038E1AA6306300A9E846 /* BDBStopsTableViewController.h */,
				1496038F1AA6306300A9E846 /* BDBStopsTableViewController.m */,
				1495CFAD1AA88F1E007C5231 /* BDBFlightsTableViewController.h */,
				1495CFAE1AA88F1E007C5231 /* BDBFlightsTableViewController.m */,
				1495CFB01AA8A169007C5231 /* BDBFlightsTableViewCell.h */,
				1495CFB11AA8A169007C5231 /* BDBFlightsTableViewCell.m */,
				1495CF8F1AA783BC007C5231 /* BDBTicketsTableViewController.h */,
				1495CF901AA783BC007C5231 /* BDBTicketsTableViewController.m */,
				1495CF921AA78411007C5231 /* BDBTicketsTableViewCell.h */,
				1495CF931AA78411007C5231 /* BDBTicketsTableViewCell.m */,
				14074F471A76BA5E00A771E8 /* ViewController.h */,
				14074F481A76BA5E00A771E8 /* ViewController.m */,
				141DA2331A93C303005240EA /* BDBRoutesTableViewController.h */,
				141DA2341A93C303005240EA /* BDBRoutesTableViewController.m */,
				14B217C71A94984D00CCCE42 /* BDBSegmentTableViewController.h */,
				14B217C81A94984D00CCCE42 /* BDBSegmentTableViewController.m */,
				14B1B0031A9BE95800F103B4 /* BDBInfoViewController.h */,
				14B1B0041A9BE95800F103B4 /* BDBInfoViewController.m */,
				14B1B0091A9C773400F103B4 /* BDBRouteCollectionViewController.h */,
				14B1B00A1A9C773400F103B4 /* BDBRouteCollectionViewController.m */,
				1495CFBE1AA90744007C5231 /* BDBWebViewController.h */,
				1495CFBF1AA90744007C5231 /* BDBWebViewController.m */,
				1496038C1AA546A500A9E846 /* Main.storyboard */,
			);
			name = Controllers;
			sourceTree = "<group>";
		};
		144CCDE91A9275F200B3938D /* OLD_MODEL */ = {
			isa = PBXGroup;
			children = (
				14074F661A76BAF700A771E8 /* BDBTravelModel.h */,
				14074F671A76BAF700A771E8 /* BDBTravelModel.m */,
				14074F6B1A76BBB900A771E8 /* BDBTravelPlaces.h */,
				14074F6C1A76BBB900A771E8 /* BDBTravelPlaces.m */,
				14775D941A83E82C00CF9246 /* BDBAnnotation.h */,
				14775D951A83E82C00CF9246 /* BDBAnnotation.m */,
			);
			name = OLD_MODEL;
			sourceTree = "<group>";
		};
/* End PBXGroup section */

/* Begin PBXNativeTarget section */
		14074F3C1A76BA5E00A771E8 /* TravelAppTests */ = {
			isa = PBXNativeTarget;
			buildConfigurationList = 14074F601A76BA5E00A771E8 /* Build configuration list for PBXNativeTarget "TravelAppTests" */;
			buildPhases = (
				14074F391A76BA5E00A771E8 /* Sources */,
				14074F3A1A76BA5E00A771E8 /* Frameworks */,
				14074F3B1A76BA5E00A771E8 /* Resources */,
			);
			buildRules = (
			);
			dependencies = (
			);
			name = TravelAppTests;
			productName = TravelAppTests;
			productReference = 14074F3D1A76BA5E00A771E8 /* TravelAppTests.app */;
			productType = "com.apple.product-type.application";
		};
		14074F551A76BA5E00A771E8 /* TravelAppTestsTests */ = {
			isa = PBXNativeTarget;
			buildConfigurationList = 14074F631A76BA5E00A771E8 /* Build configuration list for PBXNativeTarget "TravelAppTestsTests" */;
			buildPhases = (
				14074F521A76BA5E00A771E8 /* Sources */,
				14074F531A76BA5E00A771E8 /* Frameworks */,
				14074F541A76BA5E00A771E8 /* Resources */,
			);
			buildRules = (
			);
			dependencies = (
				14074F581A76BA5E00A771E8 /* PBXTargetDependency */,
			);
			name = TravelAppTestsTests;
			productName = TravelAppTestsTests;
			productReference = 14074F561A76BA5E00A771E8 /* TravelAppTestsTests.xctest */;
			productType = "com.apple.product-type.bundle.unit-test";
		};
/* End PBXNativeTarget section */

/* Begin PBXProject section */
		14074F351A76BA5E00A771E8 /* Project object */ = {
			isa = PBXProject;
			attributes = {
				LastUpgradeCheck = 0610;
				ORGANIZATIONNAME = brunodominguez;
				TargetAttributes = {
					14074F3C1A76BA5E00A771E8 = {
						CreatedOnToolsVersion = 6.1.1;
					};
					14074F551A76BA5E00A771E8 = {
						CreatedOnToolsVersion = 6.1.1;
						TestTargetID = 14074F3C1A76BA5E00A771E8;
					};
				};
			};
			buildConfigurationList = 14074F381A76BA5E00A771E8 /* Build configuration list for PBXProject "TravelAppTests" */;
			compatibilityVersion = "Xcode 3.2";
			developmentRegion = English;
			hasScannedForEncodings = 0;
			knownRegions = (
				en,
				Base,
			);
			mainGroup = 14074F341A76BA5E00A771E8;
			productRefGroup = 14074F3E1A76BA5E00A771E8 /* Products */;
			projectDirPath = "";
			projectRoot = "";
			targets = (
				14074F3C1A76BA5E00A771E8 /* TravelAppTests */,
				14074F551A76BA5E00A771E8 /* TravelAppTestsTests */,
			);
		};
/* End PBXProject section */

/* Begin PBXResourcesBuildPhase section */
		14074F3B1A76BA5E00A771E8 /* Resources */ = {
			isa = PBXResourcesBuildPhase;
			buildActionMask = 2147483647;
			files = (
				14074F6F1A76F15700A771E8 /* Entitlements.plist in Resources */,
				14074F511A76BA5E00A771E8 /* LaunchScreen.xib in Resources */,
				1495CFBA1AA8F276007C5231 /* airlinesD3.gif in Resources */,
				14074F4E1A76BA5E00A771E8 /* Images.xcassets in Resources */,
				1496038D1AA546A500A9E846 /* Main.storyboard in Resources */,
			);
			runOnlyForDeploymentPostprocessing = 0;
		};
		14074F541A76BA5E00A771E8 /* Resources */ = {
			isa = PBXResourcesBuildPhase;
			buildActionMask = 2147483647;
			files = (
			);
			runOnlyForDeploymentPostprocessing = 0;
		};
/* End PBXResourcesBuildPhase section */

/* Begin PBXSourcesBuildPhase section */
		14074F391A76BA5E00A771E8 /* Sources */ = {
			isa = PBXSourcesBuildPhase;
			buildActionMask = 2147483647;
			files = (
				144CCDF81A92765300B3938D /* BDBTransitItinerary.m in Sources */,
				1495CFA01AA7A85C007C5231 /* BDBAgencies.m in Sources */,
				14074F491A76BA5E00A771E8 /* ViewController.m in Sources */,
				144CCE0D1A9276ED00B3938D /* BDBFlightHop.m in Sources */,
				144CCE0A1A9276AD00B3938D /* BDBFlightLeg.m in Sources */,
				1495CFA61AA7CB7D007C5231 /* BDBTransitTicketData.m in Sources */,
				144CCE1C1A927C6600B3938D /* BDBAllRoutes.m in Sources */,
				144CCE101A9276F900B3938D /* BDBFlightCodeShare.m in Sources */,
				144CCE011A92767E00B3938D /* BDBTransitLine.m in Sources */,
				14775D961A83E82C00CF9246 /* BDBAnnotation.m in Sources */,
				144CCDFB1A92766100B3938D /* BDBTransitLeg.m in Sources */,
				1495CFB21AA8A169007C5231 /* BDBFlightsTableViewCell.m in Sources */,
				14B1B0051A9BE95800F103B4 /* BDBInfoViewController.m in Sources */,
				1495CF9D1AA7A6FD007C5231 /* BDBAgenciesAndAirlines.m in Sources */,
				144CCDFE1A92767000B3938D /* BDBTransitHop.m in Sources */,
				141DA2351A93C303005240EA /* BDBRoutesTableViewController.m in Sources */,
				144CCE041A92768C00B3938D /* BDBFlightSegment.m in Sources */,
				1495CF941AA78411007C5231 /* BDBTicketsTableViewCell.m in Sources */,
				14EF4FBA1A9CEBF0006B03F6 /* BDBRouteCollectionView.m in Sources */,
				14B1B00E1A9C77CB00F103B4 /* BDBRouteCollectionViewCell.m in Sources */,
				1495CFAC1AA80605007C5231 /* BDBAirports.m in Sources */,
				144CCE161A92793100B3938D /* BDBTransitAgency.m in Sources */,
				1495CFA91AA7CB9B007C5231 /* BDBFlightTicketData.m in Sources */,
				1495CFA31AA7A877007C5231 /* BDBAirlines.m in Sources */,
				1495CF911AA783BC007C5231 /* BDBTicketsTableViewController.m in Sources */,
				144CCE131A92771A00B3938D /* BDBIndicativePrice.m in Sources */,
				1495CFC01AA90744007C5231 /* BDBWebViewController.m in Sources */,
				14B217C91A94984D00CCCE42 /* BDBSegmentTableViewController.m in Sources */,
				144CCDEF1A92761900B3938D /* BDBStop.m in Sources */,
				1495CFB81AA8CF7C007C5231 /* BDBAircrafts.m in Sources */,
				14B1B00B1A9C773400F103B4 /* BDBRouteCollectionViewController.m in Sources */,
				14074F461A76BA5E00A771E8 /* AppDelegate.m in Sources */,
				14C293F91A9F417300CD5886 /* BDBSegmentViewController.m in Sources */,
				1495CFAF1AA88F1E007C5231 /* BDBFlightsTableViewController.m in Sources */,
				14EF4FBD1A9CECA7006B03F6 /* BDBRouteViewController.m in Sources */,
				144CCE191A92793F00B3938D /* BDBActions.m in Sources */,
				14074F681A76BAF700A771E8 /* BDBTravelModel.m in Sources */,
				14074F6D1A76BBB900A771E8 /* BDBTravelPlaces.m in Sources */,
				14074F431A76BA5E00A771E8 /* main.m in Sources */,
				14C293FC1A9F576F00CD5886 /* BDBSegmentCollectionViewCell.m in Sources */,
				144CCE071A92769F00B3938D /* BDBFlightItinerary.m in Sources */,
				149603901AA6306300A9E846 /* BDBStopsTableViewController.m in Sources */,
				144CCDF21A92762600B3938D /* BDBWalkCarSegment.m in Sources */,
				144CCDF51A92763800B3938D /* BDBTransitSegment.m in Sources */,
				144CCDEC1A92760B00B3938D /* BDBRoute.m in Sources */,
			);
			runOnlyForDeploymentPostprocessing = 0;
		};
		14074F521A76BA5E00A771E8 /* Sources */ = {
			isa = PBXSourcesBuildPhase;
			buildActionMask = 2147483647;
			files = (
				14074F5D1A76BA5E00A771E8 /* TravelAppTestsTests.m in Sources */,
			);
			runOnlyForDeploymentPostprocessing = 0;
		};
/* End PBXSourcesBuildPhase section */

/* Begin PBXTargetDependency section */
		14074F581A76BA5E00A771E8 /* PBXTargetDependency */ = {
			isa = PBXTargetDependency;
			target = 14074F3C1A76BA5E00A771E8 /* TravelAppTests */;
			targetProxy = 14074F571A76BA5E00A771E8 /* PBXContainerItemProxy */;
		};
/* End PBXTargetDependency section */

/* Begin PBXVariantGroup section */
		14074F4F1A76BA5E00A771E8 /* LaunchScreen.xib */ = {
			isa = PBXVariantGroup;
			children = (
				14074F501A76BA5E00A771E8 /* Base */,
			);
			name = LaunchScreen.xib;
			sourceTree = "<group>";
		};
/* End PBXVariantGroup section */

/* Begin XCBuildConfiguration section */
		14074F5E1A76BA5E00A771E8 /* Debug */ = {
			isa = XCBuildConfiguration;
			buildSettings = {
				ALWAYS_SEARCH_USER_PATHS = NO;
				CLANG_CXX_LANGUAGE_STANDARD = "gnu++0x";
				CLANG_CXX_LIBRARY = "libc++";
				CLANG_ENABLE_MODULES = YES;
				CLANG_ENABLE_OBJC_ARC = YES;
				CLANG_WARN_BOOL_CONVERSION = YES;
				CLANG_WARN_CONSTANT_CONVERSION = YES;
				CLANG_WARN_DIRECT_OBJC_ISA_USAGE = YES_ERROR;
				CLANG_WARN_EMPTY_BODY = YES;
				CLANG_WARN_ENUM_CONVERSION = YES;
				CLANG_WARN_INT_CONVERSION = YES;
				CLANG_WARN_OBJC_ROOT_CLASS = YES_ERROR;
				CLANG_WARN_UNREACHABLE_CODE = YES;
				CLANG_WARN__DUPLICATE_METHOD_MATCH = YES;
				CODE_SIGN_ENTITLEMENTS = Entitlements.plist;
				"CODE_SIGN_ENTITLEMENTS[sdk=*]" = Entitlements.plist;
				CODE_SIGN_IDENTITY = "-";
				"CODE_SIGN_IDENTITY[sdk=iphoneos*]" = "-";
				COPY_PHASE_STRIP = NO;
				ENABLE_STRICT_OBJC_MSGSEND = YES;
				GCC_C_LANGUAGE_STANDARD = gnu99;
				GCC_DYNAMIC_NO_PIC = NO;
				GCC_OPTIMIZATION_LEVEL = 0;
				GCC_PREPROCESSOR_DEFINITIONS = (
					"DEBUG=1",
					"$(inherited)",
				);
				GCC_SYMBOLS_PRIVATE_EXTERN = NO;
				GCC_WARN_64_TO_32_BIT_CONVERSION = YES;
				GCC_WARN_ABOUT_RETURN_TYPE = YES_ERROR;
				GCC_WARN_UNDECLARED_SELECTOR = YES;
				GCC_WARN_UNINITIALIZED_AUTOS = YES_AGGRESSIVE;
				GCC_WARN_UNUSED_FUNCTION = YES;
				GCC_WARN_UNUSED_VARIABLE = YES;
				IPHONEOS_DEPLOYMENT_TARGET = 8.1;
				MTL_ENABLE_DEBUG_INFO = YES;
				ONLY_ACTIVE_ARCH = YES;
				SDKROOT = iphoneos;
				TARGETED_DEVICE_FAMILY = "1,2";
			};
			name = Debug;
		};
		14074F5F1A76BA5E00A771E8 /* Release */ = {
			isa = XCBuildConfiguration;
			buildSettings = {
				ALWAYS_SEARCH_USER_PATHS = NO;
				CLANG_CXX_LANGUAGE_STANDARD = "gnu++0x";
				CLANG_CXX_LIBRARY = "libc++";
				CLANG_ENABLE_MODULES = YES;
				CLANG_ENABLE_OBJC_ARC = YES;
				CLANG_WARN_BOOL_CONVERSION = YES;
				CLANG_WARN_CONSTANT_CONVERSION = YES;
				CLANG_WARN_DIRECT_OBJC_ISA_USAGE = YES_ERROR;
				CLANG_WARN_EMPTY_BODY = YES;
				CLANG_WARN_ENUM_CONVERSION = YES;
				CLANG_WARN_INT_CONVERSION = YES;
				CLANG_WARN_OBJC_ROOT_CLASS = YES_ERROR;
				CLANG_WARN_UNREACHABLE_CODE = YES;
				CLANG_WARN__DUPLICATE_METHOD_MATCH = YES;
				CODE_SIGN_ENTITLEMENTS = Entitlements.plist;
				"CODE_SIGN_ENTITLEMENTS[sdk=*]" = Entitlements.plist;
				CODE_SIGN_IDENTITY = "-";
				"CODE_SIGN_IDENTITY[sdk=iphoneos*]" = "-";
				COPY_PHASE_STRIP = YES;
				ENABLE_NS_ASSERTIONS = NO;
				ENABLE_STRICT_OBJC_MSGSEND = YES;
				GCC_C_LANGUAGE_STANDARD = gnu99;
				GCC_WARN_64_TO_32_BIT_CONVERSION = YES;
				GCC_WARN_ABOUT_RETURN_TYPE = YES_ERROR;
				GCC_WARN_UNDECLARED_SELECTOR = YES;
				GCC_WARN_UNINITIALIZED_AUTOS = YES_AGGRESSIVE;
				GCC_WARN_UNUSED_FUNCTION = YES;
				GCC_WARN_UNUSED_VARIABLE = YES;
				IPHONEOS_DEPLOYMENT_TARGET = 8.1;
				MTL_ENABLE_DEBUG_INFO = NO;
				SDKROOT = iphoneos;
				TARGETED_DEVICE_FAMILY = "1,2";
				VALIDATE_PRODUCT = YES;
			};
			name = Release;
		};
		14074F611A76BA5E00A771E8 /* Debug */ = {
			isa = XCBuildConfiguration;
			buildSettings = {
				ASSETCATALOG_COMPILER_APPICON_NAME = AppIcon;
				CODE_SIGN_ENTITLEMENTS = Entitlements.plist;
				"CODE_SIGN_ENTITLEMENTS[sdk=*]" = Entitlements.plist;
				CODE_SIGN_IDENTITY = "-";
				INFOPLIST_FILE = TravelAppTests/Info.plist;
				IPHONEOS_DEPLOYMENT_TARGET = 8.0;
				LD_RUNPATH_SEARCH_PATHS = "$(inherited) @executable_path/Frameworks";
				PRODUCT_NAME = "$(TARGET_NAME)";
			};
			name = Debug;
		};
		14074F621A76BA5E00A771E8 /* Release */ = {
			isa = XCBuildConfiguration;
			buildSettings = {
				ASSETCATALOG_COMPILER_APPICON_NAME = AppIcon;
				CODE_SIGN_ENTITLEMENTS = Entitlements.plist;
				CODE_SIGN_IDENTITY = "-";
				INFOPLIST_FILE = TravelAppTests/Info.plist;
				IPHONEOS_DEPLOYMENT_TARGET = 8.0;
				LD_RUNPATH_SEARCH_PATHS = "$(inherited) @executable_path/Frameworks";
				PRODUCT_NAME = "$(TARGET_NAME)";
			};
			name = Release;
		};
		14074F641A76BA5E00A771E8 /* Debug */ = {
			isa = XCBuildConfiguration;
			buildSettings = {
				BUNDLE_LOADER = "$(TEST_HOST)";
				FRAMEWORK_SEARCH_PATHS = (
					"$(SDKROOT)/Developer/Library/Frameworks",
					"$(inherited)",
				);
				GCC_PREPROCESSOR_DEFINITIONS = (
					"DEBUG=1",
					"$(inherited)",
				);
				INFOPLIST_FILE = TravelAppTestsTests/Info.plist;
				LD_RUNPATH_SEARCH_PATHS = "$(inherited) @executable_path/Frameworks @loader_path/Frameworks";
				PRODUCT_NAME = "$(TARGET_NAME)";
				TEST_HOST = "$(BUILT_PRODUCTS_DIR)/TravelAppTests.app/TravelAppTests";
			};
			name = Debug;
		};
		14074F651A76BA5E00A771E8 /* Release */ = {
			isa = XCBuildConfiguration;
			buildSettings = {
				BUNDLE_LOADER = "$(TEST_HOST)";
				FRAMEWORK_SEARCH_PATHS = (
					"$(SDKROOT)/Developer/Library/Frameworks",
					"$(inherited)",
				);
				INFOPLIST_FILE = TravelAppTestsTests/Info.plist;
				LD_RUNPATH_SEARCH_PATHS = "$(inherited) @executable_path/Frameworks @loader_path/Frameworks";
				PRODUCT_NAME = "$(TARGET_NAME)";
				TEST_HOST = "$(BUILT_PRODUCTS_DIR)/TravelAppTests.app/TravelAppTests";
			};
			name = Release;
		};
/* End XCBuildConfiguration section */

/* Begin XCConfigurationList section */
		14074F381A76BA5E00A771E8 /* Build configuration list for PBXProject "TravelAppTests" */ = {
			isa = XCConfigurationList;
			buildConfigurations = (
				14074F5E1A76BA5E00A771E8 /* Debug */,
				14074F5F1A76BA5E00A771E8 /* Release */,
			);
			defaultConfigurationIsVisible = 0;
			defaultConfigurationName = Release;
		};
		14074F601A76BA5E00A771E8 /* Build configuration list for PBXNativeTarget "TravelAppTests" */ = {
			isa = XCConfigurationList;
			buildConfigurations = (
				14074F611A76BA5E00A771E8 /* Debug */,
				14074F621A76BA5E00A771E8 /* Release */,
			);
			defaultConfigurationIsVisible = 0;
			defaultConfigurationName = Release;
		};
		14074F631A76BA5E00A771E8 /* Build configuration list for PBXNativeTarget "TravelAppTestsTests" */ = {
			isa = XCConfigurationList;
			buildConfigurations = (
				14074F641A76BA5E00A771E8 /* Debug */,
				14074F651A76BA5E00A771E8 /* Release */,
			);
			defaultConfigurationIsVisible = 0;
			defaultConfigurationName = Release;
		};
/* End XCConfigurationList section */
	};
	rootObject = 14074F351A76BA5E00A771E8 /* Project object */;
}
